
Microsoft Visual Studio Solution File, Format Version 12.00
# Visual Studio Version 16
VisualStudioVersion = 16.0.30907.101
MinimumVisualStudioVersion = 10.0.40219.1
Project("{FAE04EC0-301F-11D3-BF4B-00C04F79EFBC}") = "AtYarışıOyunu", "AtYarışıOyunu\AtYarışıOyunu.csproj", "{BB181905-A723-4703-9AE1-C6F0A510B50E}"
EndProject
Global
	GlobalSection(SolutionConfigurationPlatforms) = preSolution
		Debug|Any CPU = Debug|Any CPU
		Release|Any CPU = Release|Any CPU
	EndGlobalSection
	GlobalSection(ProjectConfigurationPlatforms) = postSolution
		{BB181905-A723-4703-9AE1-C6F0A510B50E}.Debug|Any CPU.ActiveCfg = Debug|Any CPU
		{BB181905-A723-4703-9AE1-C6F0A510B50E}.Debug|Any CPU.Build.0 = Debug|Any CPU
		{BB181905-A723-4703-9AE1-C6F0A510B50E}.Release|Any CPU.ActiveCfg = Release|Any CPU
		{BB181905-A723-4703-9AE1-C6F0A510B50E}.Release|Any CPU.Build.0 = Release|Any CPU
	EndGlobalSection
	GlobalSection(SolutionProperties) = preSolution
		HideSolutionNode = FALSE
	EndGlobalSection
	GlobalSection(ExtensibilityGlobals) = postSolution
		SolutionGuid = {75AC19DC-F2F8-4934-88D5-99D7E9243F34}
	EndGlobalSection
EndGlobal
